
Microsoft Visual Studio Solution File, Format Version 12.00
# Visual Studio Version 16
VisualStudioVersion = 16.0.32901.82
MinimumVisualStudioVersion = 10.0.40219.1
Project("{FAE04EC0-301F-11D3-BF4B-00C04F79EFBC}") = "WebApi", "WebApi\WebApi.csproj", "{0FA3B48F-EA95-448F-B72C-807EAC7CA1A6}"
EndProject
Global
	GlobalSection(SolutionConfigurationPlatforms) = preSolution
		Debug|Any CPU = Debug|Any CPU
		Release|Any CPU = Release|Any CPU
	EndGlobalSection
	GlobalSection(ProjectConfigurationPlatforms) = postSolution
		{0FA3B48F-EA95-448F-B72C-807EAC7CA1A6}.Debug|Any CPU.ActiveCfg = Debug|Any CPU
		{0FA3B48F-EA95-448F-B72C-807EAC7CA1A6}.Debug|Any CPU.Build.0 = Debug|Any CPU
		{0FA3B48F-EA95-448F-B72C-807EAC7CA1A6}.Release|Any CPU.ActiveCfg = Release|Any CPU
		{0FA3B48F-EA95-448F-B72C-807EAC7CA1A6}.Release|Any CPU.Build.0 = Release|Any CPU
	EndGlobalSection
	GlobalSection(SolutionProperties) = preSolution
		HideSolutionNode = FALSE
	EndGlobalSection
	GlobalSection(ExtensibilityGlobals) = postSolution
		SolutionGuid = {D2941A59-E9EB-4B6A-913D-B6B30EE5B591}
	EndGlobalSection
EndGlobal
